
Microsoft Visual Studio Solution File, Format Version 12.00
# Visual Studio Version 17
VisualStudioVersion = 17.5.002.0
MinimumVisualStudioVersion = 10.0.40219.1
Project("{9A19103F-16F7-4668-BE54-9A1E7A4F7556}") = "ClassOne", "ClassOne.csproj", "{915FB2BF-AD92-4C25-AAD5-EED8539297B6}"
EndProject
Global
	GlobalSection(SolutionConfigurationPlatforms) = preSolution
		Debug|Any CPU = Debug|Any CPU
		Release|Any CPU = Release|Any CPU
	EndGlobalSection
	GlobalSection(ProjectConfigurationPlatforms) = postSolution
		{915FB2BF-AD92-4C25-AAD5-EED8539297B6}.Debug|Any CPU.ActiveCfg = Debug|Any CPU
		{915FB2BF-AD92-4C25-AAD5-EED8539297B6}.Debug|Any CPU.Build.0 = Debug|Any CPU
		{915FB2BF-AD92-4C25-AAD5-EED8539297B6}.Release|Any CPU.ActiveCfg = Release|Any CPU
		{915FB2BF-AD92-4C25-AAD5-EED8539297B6}.Release|Any CPU.Build.0 = Release|Any CPU
	EndGlobalSection
	GlobalSection(SolutionProperties) = preSolution
		HideSolutionNode = FALSE
	EndGlobalSection
	GlobalSection(ExtensibilityGlobals) = postSolution
		SolutionGuid = {624EF40E-55B3-46EF-A607-588527B8952D}
	EndGlobalSection
EndGlobal
